{"format_version":"1.1","terraform_version":"1.3.7","planned_values":{"root_module":{"resources":[{"address":"aws_s3_bucket.name_0","mode":"managed","type":"aws_s3_bucket","name":"name_0","provider_name":"registry.terraform.io/hashicorp/aws","schema_version":0,"values":{"acl":"log-delivery-write","bucket":"my-tf-log-bucket","bucket_prefix":null,"force_destroy":false,"tags":null,"timeouts":null},"sensitive_values":{"cors_rule":[],"grant":[],"lifecycle_rule":[],"logging":[],"object_lock_configuration":[],"replication_configuration":[],"server_side_encryption_configuration":[],"tags_all":{},"versioning":[],"website":[]}},{"address":"aws_s3_bucket.name_1","mode":"managed","type":"aws_s3_bucket","name":"name_1","provider_name":"registry.terraform.io/hashicorp/aws","schema_version":0,"values":{"acl":"private","bucket":"my-tf-test-bucket","bucket_prefix":null,"force_destroy":false,"logging":[{"target_prefix":"log/"}],"tags":null,"timeouts":null},"sensitive_values":{"cors_rule":[],"grant":[],"lifecycle_rule":[],"logging":[{}],"object_lock_configuration":[],"replication_configuration":[],"server_side_encryption_configuration":[],"tags_all":{},"versioning":[],"website":[]}},{"address":"aws_s3_bucket_public_access_block.name_2","mode":"managed","type":"aws_s3_bucket_public_access_block","name":"name_2","provider_name":"registry.terraform.io/hashicorp/aws","schema_version":0,"values":{"block_public_acls":true,"block_public_policy":true,"ignore_public_acls":true,"restrict_public_buckets":true},"sensitive_values":{}}]}},"resource_changes":[{"address":"aws_s3_bucket.name_0","mode":"managed","type":"aws_s3_bucket","name":"name_0","provider_name":"registry.terraform.io/hashicorp/aws","change":{"actions":["create"],"before":null,"after":{"acl":"log-delivery-write","bucket":"my-tf-log-bucket","bucket_prefix":null,"force_destroy":false,"tags":null,"timeouts":null},"after_unknown":{"acceleration_status":true,"arn":true,"bucket_domain_name":true,"bucket_regional_domain_name":true,"cors_rule":true,"grant":true,"hosted_zone_id":true,"id":true,"lifecycle_rule":true,"logging":true,"object_lock_configuration":true,"object_lock_enabled":true,"policy":true,"region":true,"replication_configuration":true,"request_payer":true,"server_side_encryption_configuration":true,"tags_all":true,"versioning":true,"website":true,"website_domain":true,"website_endpoint":true},"before_sensitive":false,"after_sensitive":{"cors_rule":[],"grant":[],"lifecycle_rule":[],"logging":[],"object_lock_configuration":[],"replication_configuration":[],"server_side_encryption_configuration":[],"tags_all":{},"versioning":[],"website":[]}}},{"address":"aws_s3_bucket.name_1","mode":"managed","type":"aws_s3_bucket","name":"name_1","provider_name":"registry.terraform.io/hashicorp/aws","change":{"actions":["create"],"before":null,"after":{"acl":"private","bucket":"my-tf-test-bucket","bucket_prefix":null,"force_destroy":false,"logging":[{"target_prefix":"log/"}],"tags":null,"timeouts":null},"after_unknown":{"acceleration_status":true,"arn":true,"bucket_domain_name":true,"bucket_regional_domain_name":true,"cors_rule":true,"grant":true,"hosted_zone_id":true,"id":true,"lifecycle_rule":true,"logging":[{"target_bucket":true}],"object_lock_configuration":true,"object_lock_enabled":true,"policy":true,"region":true,"replication_configuration":true,"request_payer":true,"server_side_encryption_configuration":true,"tags_all":true,"versioning":true,"website":true,"website_domain":true,"website_endpoint":true},"before_sensitive":false,"after_sensitive":{"cors_rule":[],"grant":[],"lifecycle_rule":[],"logging":[{}],"object_lock_configuration":[],"replication_configuration":[],"server_side_encryption_configuration":[],"tags_all":{},"versioning":[],"website":[]}}},{"address":"aws_s3_bucket_public_access_block.name_2","mode":"managed","type":"aws_s3_bucket_public_access_block","name":"name_2","provider_name":"registry.terraform.io/hashicorp/aws","change":{"actions":["create"],"before":null,"after":{"block_public_acls":true,"block_public_policy":true,"ignore_public_acls":true,"restrict_public_buckets":true},"after_unknown":{"bucket":true,"id":true},"before_sensitive":false,"after_sensitive":{}}}],"configuration":{"provider_config":{"aws":{"name":"aws","full_name":"registry.terraform.io/hashicorp/aws","expressions":{"region":{"constant_value":"us-east-1"}}}},"root_module":{"resources":[{"address":"aws_s3_bucket.name_0","mode":"managed","type":"aws_s3_bucket","name":"name_0","provider_config_key":"aws","expressions":{"acl":{"constant_value":"log-delivery-write"},"bucket":{"constant_value":"my-tf-log-bucket"}},"schema_version":0},{"address":"aws_s3_bucket.name_1","mode":"managed","type":"aws_s3_bucket","name":"name_1","provider_config_key":"aws","expressions":{"acl":{"constant_value":"private"},"bucket":{"constant_value":"my-tf-test-bucket"},"logging":[{"target_bucket":{"references":["aws_s3_bucket.name_0.id","aws_s3_bucket.name_0"]},"target_prefix":{"constant_value":"log/"}}]},"schema_version":0},{"address":"aws_s3_bucket_public_access_block.name_2","mode":"managed","type":"aws_s3_bucket_public_access_block","name":"name_2","provider_config_key":"aws","expressions":{"block_public_acls":{"constant_value":true},"block_public_policy":{"constant_value":true},"bucket":{"references":["aws_s3_bucket.name_1.id","aws_s3_bucket.name_1"]},"ignore_public_acls":{"constant_value":true},"restrict_public_buckets":{"constant_value":true}},"schema_version":0}]}},"relevant_attributes":[{"resource":"aws_s3_bucket.name_1","attribute":["id"]},{"resource":"aws_s3_bucket.name_0","attribute":["id"]}]}
