{"format_version":"1.1","terraform_version":"1.3.7","planned_values":{"root_module":{"resources":[{"address":"aws_iam_user.name_0","mode":"managed","type":"aws_iam_user","name":"name_0","provider_name":"registry.terraform.io/hashicorp/aws","schema_version":0,"values":{"force_destroy":false,"name":"TJack","path":"/","permissions_boundary":null,"tags":null},"sensitive_values":{"tags_all":{}}},{"address":"aws_iam_user.name_1","mode":"managed","type":"aws_iam_user","name":"name_1","provider_name":"registry.terraform.io/hashicorp/aws","schema_version":0,"values":{"force_destroy":false,"name":"TJames","path":"/","permissions_boundary":null,"tags":null},"sensitive_values":{"tags_all":{}}},{"address":"aws_iam_user.name_2","mode":"managed","type":"aws_iam_user","name":"name_2","provider_name":"registry.terraform.io/hashicorp/aws","schema_version":0,"values":{"force_destroy":false,"name":"TMadhu","path":"/","permissions_boundary":null,"tags":null},"sensitive_values":{"tags_all":{}}},{"address":"aws_iam_user.name_3","mode":"managed","type":"aws_iam_user","name":"name_3","provider_name":"registry.terraform.io/hashicorp/aws","schema_version":0,"values":{"force_destroy":false,"name":"TDave","path":"/","permissions_boundary":null,"tags":null},"sensitive_values":{"tags_all":{}}}]}},"resource_changes":[{"address":"aws_iam_user.name_0","mode":"managed","type":"aws_iam_user","name":"name_0","provider_name":"registry.terraform.io/hashicorp/aws","change":{"actions":["create"],"before":null,"after":{"force_destroy":false,"name":"TJack","path":"/","permissions_boundary":null,"tags":null},"after_unknown":{"arn":true,"id":true,"tags_all":true,"unique_id":true},"before_sensitive":false,"after_sensitive":{"tags_all":{}}}},{"address":"aws_iam_user.name_1","mode":"managed","type":"aws_iam_user","name":"name_1","provider_name":"registry.terraform.io/hashicorp/aws","change":{"actions":["create"],"before":null,"after":{"force_destroy":false,"name":"TJames","path":"/","permissions_boundary":null,"tags":null},"after_unknown":{"arn":true,"id":true,"tags_all":true,"unique_id":true},"before_sensitive":false,"after_sensitive":{"tags_all":{}}}},{"address":"aws_iam_user.name_2","mode":"managed","type":"aws_iam_user","name":"name_2","provider_name":"registry.terraform.io/hashicorp/aws","change":{"actions":["create"],"before":null,"after":{"force_destroy":false,"name":"TMadhu","path":"/","permissions_boundary":null,"tags":null},"after_unknown":{"arn":true,"id":true,"tags_all":true,"unique_id":true},"before_sensitive":false,"after_sensitive":{"tags_all":{}}}},{"address":"aws_iam_user.name_3","mode":"managed","type":"aws_iam_user","name":"name_3","provider_name":"registry.terraform.io/hashicorp/aws","change":{"actions":["create"],"before":null,"after":{"force_destroy":false,"name":"TDave","path":"/","permissions_boundary":null,"tags":null},"after_unknown":{"arn":true,"id":true,"tags_all":true,"unique_id":true},"before_sensitive":false,"after_sensitive":{"tags_all":{}}}}],"configuration":{"provider_config":{"aws":{"name":"aws","full_name":"registry.terraform.io/hashicorp/aws","expressions":{"region":{"constant_value":"us-east-1"}}}},"root_module":{"resources":[{"address":"aws_iam_user.name_0","mode":"managed","type":"aws_iam_user","name":"name_0","provider_config_key":"aws","expressions":{"name":{"constant_value":"TJack"}},"schema_version":0},{"address":"aws_iam_user.name_1","mode":"managed","type":"aws_iam_user","name":"name_1","provider_config_key":"aws","expressions":{"name":{"constant_value":"TJames"}},"schema_version":0},{"address":"aws_iam_user.name_2","mode":"managed","type":"aws_iam_user","name":"name_2","provider_config_key":"aws","expressions":{"name":{"constant_value":"TMadhu"}},"schema_version":0},{"address":"aws_iam_user.name_3","mode":"managed","type":"aws_iam_user","name":"name_3","provider_config_key":"aws","expressions":{"name":{"constant_value":"TDave"}},"schema_version":0}]}}}
