{"format_version":"1.1","terraform_version":"1.3.7","planned_values":{"root_module":{"resources":[{"address":"aws_elb.name_0","mode":"managed","type":"aws_elb","name":"name_0","provider_name":"registry.terraform.io/hashicorp/aws","schema_version":0,"values":{"access_logs":[],"connection_draining":false,"connection_draining_timeout":300,"cross_zone_load_balancing":true,"desync_mitigation_mode":"defensive","idle_timeout":60,"listener":[{"instance_port":80,"instance_protocol":"http","lb_port":80,"lb_protocol":"http","ssl_certificate_id":""}],"name":"example-elb","name_prefix":null,"security_groups":["sg-12345678"],"subnets":["subnet-12345678","subnet-23456789"],"tags":null},"sensitive_values":{"access_logs":[],"availability_zones":[],"health_check":[],"instances":[],"listener":[{}],"security_groups":[false],"subnets":[false,false],"tags_all":{}}}]}},"resource_changes":[{"address":"aws_elb.name_0","mode":"managed","type":"aws_elb","name":"name_0","provider_name":"registry.terraform.io/hashicorp/aws","change":{"actions":["create"],"before":null,"after":{"access_logs":[],"connection_draining":false,"connection_draining_timeout":300,"cross_zone_load_balancing":true,"desync_mitigation_mode":"defensive","idle_timeout":60,"listener":[{"instance_port":80,"instance_protocol":"http","lb_port":80,"lb_protocol":"http","ssl_certificate_id":""}],"name":"example-elb","name_prefix":null,"security_groups":["sg-12345678"],"subnets":["subnet-12345678","subnet-23456789"],"tags":null},"after_unknown":{"access_logs":[],"arn":true,"availability_zones":true,"dns_name":true,"health_check":true,"id":true,"instances":true,"internal":true,"listener":[{}],"security_groups":[false],"source_security_group":true,"source_security_group_id":true,"subnets":[false,false],"tags_all":true,"zone_id":true},"before_sensitive":false,"after_sensitive":{"access_logs":[],"availability_zones":[],"health_check":[],"instances":[],"listener":[{}],"security_groups":[false],"subnets":[false,false],"tags_all":{}}}}],"configuration":{"provider_config":{"aws":{"name":"aws","full_name":"registry.terraform.io/hashicorp/aws","expressions":{"region":{"constant_value":"us-east-1"}}}},"root_module":{"resources":[{"address":"aws_elb.name_0","mode":"managed","type":"aws_elb","name":"name_0","provider_config_key":"aws","expressions":{"listener":[{"instance_port":{"constant_value":80},"instance_protocol":{"constant_value":"http"},"lb_port":{"constant_value":80},"lb_protocol":{"constant_value":"http"}}],"name":{"constant_value":"example-elb"},"security_groups":{"constant_value":["sg-12345678"]},"subnets":{"constant_value":["subnet-12345678","subnet-23456789"]}},"schema_version":0}]}}}
