{"format_version":"1.1","terraform_version":"1.3.7","planned_values":{"root_module":{"resources":[{"address":"aws_iam_user.name_0[\"TDave\"]","mode":"managed","type":"aws_iam_user","name":"name_0","index":"TDave","provider_name":"registry.terraform.io/hashicorp/aws","schema_version":0,"values":{"force_destroy":false,"name":"TDave","path":"/","permissions_boundary":null,"tags":null},"sensitive_values":{"tags_all":{}}},{"address":"aws_iam_user.name_0[\"TJack\"]","mode":"managed","type":"aws_iam_user","name":"name_0","index":"TJack","provider_name":"registry.terraform.io/hashicorp/aws","schema_version":0,"values":{"force_destroy":false,"name":"TJack","path":"/","permissions_boundary":null,"tags":null},"sensitive_values":{"tags_all":{}}},{"address":"aws_iam_user.name_0[\"TJames\"]","mode":"managed","type":"aws_iam_user","name":"name_0","index":"TJames","provider_name":"registry.terraform.io/hashicorp/aws","schema_version":0,"values":{"force_destroy":false,"name":"TJames","path":"/","permissions_boundary":null,"tags":null},"sensitive_values":{"tags_all":{}}},{"address":"aws_iam_user.name_0[\"TMadhu\"]","mode":"managed","type":"aws_iam_user","name":"name_0","index":"TMadhu","provider_name":"registry.terraform.io/hashicorp/aws","schema_version":0,"values":{"force_destroy":false,"name":"TMadhu","path":"/","permissions_boundary":null,"tags":null},"sensitive_values":{"tags_all":{}}}]}},"resource_changes":[{"address":"aws_iam_user.name_0[\"TDave\"]","mode":"managed","type":"aws_iam_user","name":"name_0","index":"TDave","provider_name":"registry.terraform.io/hashicorp/aws","change":{"actions":["create"],"before":null,"after":{"force_destroy":false,"name":"TDave","path":"/","permissions_boundary":null,"tags":null},"after_unknown":{"arn":true,"id":true,"tags_all":true,"unique_id":true},"before_sensitive":false,"after_sensitive":{"tags_all":{}}}},{"address":"aws_iam_user.name_0[\"TJack\"]","mode":"managed","type":"aws_iam_user","name":"name_0","index":"TJack","provider_name":"registry.terraform.io/hashicorp/aws","change":{"actions":["create"],"before":null,"after":{"force_destroy":false,"name":"TJack","path":"/","permissions_boundary":null,"tags":null},"after_unknown":{"arn":true,"id":true,"tags_all":true,"unique_id":true},"before_sensitive":false,"after_sensitive":{"tags_all":{}}}},{"address":"aws_iam_user.name_0[\"TJames\"]","mode":"managed","type":"aws_iam_user","name":"name_0","index":"TJames","provider_name":"registry.terraform.io/hashicorp/aws","change":{"actions":["create"],"before":null,"after":{"force_destroy":false,"name":"TJames","path":"/","permissions_boundary":null,"tags":null},"after_unknown":{"arn":true,"id":true,"tags_all":true,"unique_id":true},"before_sensitive":false,"after_sensitive":{"tags_all":{}}}},{"address":"aws_iam_user.name_0[\"TMadhu\"]","mode":"managed","type":"aws_iam_user","name":"name_0","index":"TMadhu","provider_name":"registry.terraform.io/hashicorp/aws","change":{"actions":["create"],"before":null,"after":{"force_destroy":false,"name":"TMadhu","path":"/","permissions_boundary":null,"tags":null},"after_unknown":{"arn":true,"id":true,"tags_all":true,"unique_id":true},"before_sensitive":false,"after_sensitive":{"tags_all":{}}}}],"configuration":{"provider_config":{"aws":{"name":"aws","full_name":"registry.terraform.io/hashicorp/aws","expressions":{"region":{"constant_value":"us-east-1"}}}},"root_module":{"resources":[{"address":"aws_iam_user.name_0","mode":"managed","type":"aws_iam_user","name":"name_0","provider_config_key":"aws","expressions":{"name":{"references":["each.key"]}},"schema_version":0}]}}}
