{"format_version":"1.1","terraform_version":"1.3.7","planned_values":{"root_module":{"resources":[{"address":"aws_nat_gateway.name_2","mode":"managed","type":"aws_nat_gateway","name":"name_2","provider_name":"registry.terraform.io/hashicorp/aws","schema_version":0,"values":{"allocation_id":null,"connectivity_type":"private","tags":null},"sensitive_values":{"tags_all":{}}},{"address":"aws_subnet.name_1","mode":"managed","type":"aws_subnet","name":"name_1","provider_name":"registry.terraform.io/hashicorp/aws","schema_version":1,"values":{"assign_ipv6_address_on_creation":false,"cidr_block":"10.0.1.0/24","customer_owned_ipv4_pool":null,"enable_dns64":false,"enable_resource_name_dns_a_record_on_launch":false,"enable_resource_name_dns_aaaa_record_on_launch":false,"ipv6_cidr_block":null,"ipv6_native":false,"map_customer_owned_ip_on_launch":null,"map_public_ip_on_launch":true,"outpost_arn":null,"tags":null,"timeouts":null},"sensitive_values":{"tags_all":{}}},{"address":"aws_vpc.name_0","mode":"managed","type":"aws_vpc","name":"name_0","provider_name":"registry.terraform.io/hashicorp/aws","schema_version":1,"values":{"assign_generated_ipv6_cidr_block":null,"cidr_block":"10.0.0.0/16","enable_dns_support":true,"instance_tenancy":"default","ipv4_ipam_pool_id":null,"ipv4_netmask_length":null,"ipv6_ipam_pool_id":null,"ipv6_netmask_length":null,"tags":null},"sensitive_values":{"tags_all":{}}}]}},"resource_changes":[{"address":"aws_nat_gateway.name_2","mode":"managed","type":"aws_nat_gateway","name":"name_2","provider_name":"registry.terraform.io/hashicorp/aws","change":{"actions":["create"],"before":null,"after":{"allocation_id":null,"connectivity_type":"private","tags":null},"after_unknown":{"id":true,"network_interface_id":true,"private_ip":true,"public_ip":true,"subnet_id":true,"tags_all":true},"before_sensitive":false,"after_sensitive":{"tags_all":{}}}},{"address":"aws_subnet.name_1","mode":"managed","type":"aws_subnet","name":"name_1","provider_name":"registry.terraform.io/hashicorp/aws","change":{"actions":["create"],"before":null,"after":{"assign_ipv6_address_on_creation":false,"cidr_block":"10.0.1.0/24","customer_owned_ipv4_pool":null,"enable_dns64":false,"enable_resource_name_dns_a_record_on_launch":false,"enable_resource_name_dns_aaaa_record_on_launch":false,"ipv6_cidr_block":null,"ipv6_native":false,"map_customer_owned_ip_on_launch":null,"map_public_ip_on_launch":true,"outpost_arn":null,"tags":null,"timeouts":null},"after_unknown":{"arn":true,"availability_zone":true,"availability_zone_id":true,"id":true,"ipv6_cidr_block_association_id":true,"owner_id":true,"private_dns_hostname_type_on_launch":true,"tags_all":true,"vpc_id":true},"before_sensitive":false,"after_sensitive":{"tags_all":{}}}},{"address":"aws_vpc.name_0","mode":"managed","type":"aws_vpc","name":"name_0","provider_name":"registry.terraform.io/hashicorp/aws","change":{"actions":["create"],"before":null,"after":{"assign_generated_ipv6_cidr_block":null,"cidr_block":"10.0.0.0/16","enable_dns_support":true,"instance_tenancy":"default","ipv4_ipam_pool_id":null,"ipv4_netmask_length":null,"ipv6_ipam_pool_id":null,"ipv6_netmask_length":null,"tags":null},"after_unknown":{"arn":true,"default_network_acl_id":true,"default_route_table_id":true,"default_security_group_id":true,"dhcp_options_id":true,"enable_classiclink":true,"enable_classiclink_dns_support":true,"enable_dns_hostnames":true,"enable_network_address_usage_metrics":true,"id":true,"ipv6_association_id":true,"ipv6_cidr_block":true,"ipv6_cidr_block_network_border_group":true,"main_route_table_id":true,"owner_id":true,"tags_all":true},"before_sensitive":false,"after_sensitive":{"tags_all":{}}}}],"configuration":{"provider_config":{"aws":{"name":"aws","full_name":"registry.terraform.io/hashicorp/aws","expressions":{"region":{"constant_value":"us-east-1"}}}},"root_module":{"resources":[{"address":"aws_nat_gateway.name_2","mode":"managed","type":"aws_nat_gateway","name":"name_2","provider_config_key":"aws","expressions":{"connectivity_type":{"constant_value":"private"},"subnet_id":{"references":["aws_subnet.name_1.id","aws_subnet.name_1"]}},"schema_version":0},{"address":"aws_subnet.name_1","mode":"managed","type":"aws_subnet","name":"name_1","provider_config_key":"aws","expressions":{"cidr_block":{"constant_value":"10.0.1.0/24"},"map_public_ip_on_launch":{"constant_value":true},"vpc_id":{"references":["aws_vpc.name_0.id","aws_vpc.name_0"]}},"schema_version":1},{"address":"aws_vpc.name_0","mode":"managed","type":"aws_vpc","name":"name_0","provider_config_key":"aws","expressions":{"cidr_block":{"constant_value":"10.0.0.0/16"}},"schema_version":1}]}},"relevant_attributes":[{"resource":"aws_vpc.name_0","attribute":["id"]},{"resource":"aws_subnet.name_1","attribute":["id"]}]}
