{"format_version":"1.1","terraform_version":"1.3.7","planned_values":{"root_module":{"resources":[{"address":"aws_cloudwatch_event_rule.name_1","mode":"managed","type":"aws_cloudwatch_event_rule","name":"name_1","provider_name":"registry.terraform.io/hashicorp/aws","schema_version":0,"values":{"description":null,"event_bus_name":"default","event_pattern":null,"is_enabled":true,"role_arn":null,"schedule_expression":"rate(90 seconds)","tags":null},"sensitive_values":{"tags_all":{}}},{"address":"aws_cloudwatch_event_target.name_2","mode":"managed","type":"aws_cloudwatch_event_target","name":"name_2","provider_name":"registry.terraform.io/hashicorp/aws","schema_version":1,"values":{"arn":"arn:aws:lambda:us-east-1:123456789012:function:wait_for_ec2","batch_target":[],"dead_letter_config":[],"ecs_target":[],"event_bus_name":"default","http_target":[],"input":null,"input_path":null,"input_transformer":[],"kinesis_target":[],"redshift_target":[],"retry_policy":[],"role_arn":null,"run_command_targets":[],"sqs_target":[],"target_id":"wait_for_ec2_target"},"sensitive_values":{"batch_target":[],"dead_letter_config":[],"ecs_target":[],"http_target":[],"input_transformer":[],"kinesis_target":[],"redshift_target":[],"retry_policy":[],"run_command_targets":[],"sqs_target":[]}},{"address":"aws_instance.name_0","mode":"managed","type":"aws_instance","name":"name_0","provider_name":"registry.terraform.io/hashicorp/aws","schema_version":1,"values":{"ami":"ami-0ff8a91507f77f867","credit_specification":[],"get_password_data":false,"hibernation":null,"instance_type":"t2.micro","launch_template":[],"source_dest_check":true,"tags":null,"timeouts":null,"user_data_replace_on_change":false,"volume_tags":null},"sensitive_values":{"capacity_reservation_specification":[],"credit_specification":[],"ebs_block_device":[],"enclave_options":[],"ephemeral_block_device":[],"ipv6_addresses":[],"launch_template":[],"maintenance_options":[],"metadata_options":[],"network_interface":[],"private_dns_name_options":[],"root_block_device":[],"secondary_private_ips":[],"security_groups":[],"tags_all":{},"vpc_security_group_ids":[]}}]}},"resource_changes":[{"address":"aws_cloudwatch_event_rule.name_1","mode":"managed","type":"aws_cloudwatch_event_rule","name":"name_1","provider_name":"registry.terraform.io/hashicorp/aws","change":{"actions":["create"],"before":null,"after":{"description":null,"event_bus_name":"default","event_pattern":null,"is_enabled":true,"role_arn":null,"schedule_expression":"rate(90 seconds)","tags":null},"after_unknown":{"arn":true,"id":true,"name":true,"name_prefix":true,"tags_all":true},"before_sensitive":false,"after_sensitive":{"tags_all":{}}}},{"address":"aws_cloudwatch_event_target.name_2","mode":"managed","type":"aws_cloudwatch_event_target","name":"name_2","provider_name":"registry.terraform.io/hashicorp/aws","change":{"actions":["create"],"before":null,"after":{"arn":"arn:aws:lambda:us-east-1:123456789012:function:wait_for_ec2","batch_target":[],"dead_letter_config":[],"ecs_target":[],"event_bus_name":"default","http_target":[],"input":null,"input_path":null,"input_transformer":[],"kinesis_target":[],"redshift_target":[],"retry_policy":[],"role_arn":null,"run_command_targets":[],"sqs_target":[],"target_id":"wait_for_ec2_target"},"after_unknown":{"batch_target":[],"dead_letter_config":[],"ecs_target":[],"http_target":[],"id":true,"input_transformer":[],"kinesis_target":[],"redshift_target":[],"retry_policy":[],"rule":true,"run_command_targets":[],"sqs_target":[]},"before_sensitive":false,"after_sensitive":{"batch_target":[],"dead_letter_config":[],"ecs_target":[],"http_target":[],"input_transformer":[],"kinesis_target":[],"redshift_target":[],"retry_policy":[],"run_command_targets":[],"sqs_target":[]}}},{"address":"aws_instance.name_0","mode":"managed","type":"aws_instance","name":"name_0","provider_name":"registry.terraform.io/hashicorp/aws","change":{"actions":["create"],"before":null,"after":{"ami":"ami-0ff8a91507f77f867","credit_specification":[],"get_password_data":false,"hibernation":null,"instance_type":"t2.micro","launch_template":[],"source_dest_check":true,"tags":null,"timeouts":null,"user_data_replace_on_change":false,"volume_tags":null},"after_unknown":{"arn":true,"associate_public_ip_address":true,"availability_zone":true,"capacity_reservation_specification":true,"cpu_core_count":true,"cpu_threads_per_core":true,"credit_specification":[],"disable_api_stop":true,"disable_api_termination":true,"ebs_block_device":true,"ebs_optimized":true,"enclave_options":true,"ephemeral_block_device":true,"host_id":true,"host_resource_group_arn":true,"iam_instance_profile":true,"id":true,"instance_initiated_shutdown_behavior":true,"instance_state":true,"ipv6_address_count":true,"ipv6_addresses":true,"key_name":true,"launch_template":[],"maintenance_options":true,"metadata_options":true,"monitoring":true,"network_interface":true,"outpost_arn":true,"password_data":true,"placement_group":true,"placement_partition_number":true,"primary_network_interface_id":true,"private_dns":true,"private_dns_name_options":true,"private_ip":true,"public_dns":true,"public_ip":true,"root_block_device":true,"secondary_private_ips":true,"security_groups":true,"subnet_id":true,"tags_all":true,"tenancy":true,"user_data":true,"user_data_base64":true,"vpc_security_group_ids":true},"before_sensitive":false,"after_sensitive":{"capacity_reservation_specification":[],"credit_specification":[],"ebs_block_device":[],"enclave_options":[],"ephemeral_block_device":[],"ipv6_addresses":[],"launch_template":[],"maintenance_options":[],"metadata_options":[],"network_interface":[],"private_dns_name_options":[],"root_block_device":[],"secondary_private_ips":[],"security_groups":[],"tags_all":{},"vpc_security_group_ids":[]}}}],"configuration":{"provider_config":{"aws":{"name":"aws","full_name":"registry.terraform.io/hashicorp/aws","expressions":{"region":{"constant_value":"us-east-1"}}},"time":{"name":"time","full_name":"registry.terraform.io/hashicorp/time"}},"root_module":{"resources":[{"address":"aws_cloudwatch_event_rule.name_1","mode":"managed","type":"aws_cloudwatch_event_rule","name":"name_1","provider_config_key":"aws","expressions":{"schedule_expression":{"constant_value":"rate(90 seconds)"}},"schema_version":0},{"address":"aws_cloudwatch_event_target.name_2","mode":"managed","type":"aws_cloudwatch_event_target","name":"name_2","provider_config_key":"aws","expressions":{"arn":{"constant_value":"arn:aws:lambda:us-east-1:123456789012:function:wait_for_ec2"},"rule":{"references":["aws_cloudwatch_event_rule.name_1.name","aws_cloudwatch_event_rule.name_1"]},"target_id":{"constant_value":"wait_for_ec2_target"}},"schema_version":1},{"address":"aws_instance.name_0","mode":"managed","type":"aws_instance","name":"name_0","provider_config_key":"aws","expressions":{"ami":{"constant_value":"ami-0ff8a91507f77f867"},"instance_type":{"constant_value":"t2.micro"}},"schema_version":1}]}},"relevant_attributes":[{"resource":"aws_cloudwatch_event_rule.name_1","attribute":["name"]}]}
